
Microsoft Visual Studio Solution File, Format Version 12.00
# Visual Studio Version 17
VisualStudioVersion = 17.5.33516.290
MinimumVisualStudioVersion = 10.0.40219.1
Project("{9A19103F-16F7-4668-BE54-9A1E7A4F7556}") = "BankingApplication", "BankingApplication\BankingApplication.csproj", "{D47524B0-88EE-41FD-9DD8-DCB5F40721FF}"
EndProject
Project("{FAE04EC0-301F-11D3-BF4B-00C04F79EFBC}") = "BankingApplicationTest", "BankingApplicationTest\BankingApplicationTest.csproj", "{CA7D1FDD-B050-47CF-84A6-911C4C99E37D}"
EndProject
Global
	GlobalSection(SolutionConfigurationPlatforms) = preSolution
		Debug|Any CPU = Debug|Any CPU
		Release|Any CPU = Release|Any CPU
	EndGlobalSection
	GlobalSection(ProjectConfigurationPlatforms) = postSolution
		{D47524B0-88EE-41FD-9DD8-DCB5F40721FF}.Debug|Any CPU.ActiveCfg = Debug|Any CPU
		{D47524B0-88EE-41FD-9DD8-DCB5F40721FF}.Debug|Any CPU.Build.0 = Debug|Any CPU
		{D47524B0-88EE-41FD-9DD8-DCB5F40721FF}.Release|Any CPU.ActiveCfg = Release|Any CPU
		{D47524B0-88EE-41FD-9DD8-DCB5F40721FF}.Release|Any CPU.Build.0 = Release|Any CPU
		{CA7D1FDD-B050-47CF-84A6-911C4C99E37D}.Debug|Any CPU.ActiveCfg = Debug|Any CPU
		{CA7D1FDD-B050-47CF-84A6-911C4C99E37D}.Debug|Any CPU.Build.0 = Debug|Any CPU
		{CA7D1FDD-B050-47CF-84A6-911C4C99E37D}.Release|Any CPU.ActiveCfg = Release|Any CPU
		{CA7D1FDD-B050-47CF-84A6-911C4C99E37D}.Release|Any CPU.Build.0 = Release|Any CPU
	EndGlobalSection
	GlobalSection(SolutionProperties) = preSolution
		HideSolutionNode = FALSE
	EndGlobalSection
	GlobalSection(ExtensibilityGlobals) = postSolution
		SolutionGuid = {E2C5B5DD-2051-4088-99AF-7637ECF9632F}
	EndGlobalSection
EndGlobal
